
Microsoft Visual Studio Solution File, Format Version 12.00
# Visual Studio Version 17
VisualStudioVersion = 17.12.35728.132 d17.12
MinimumVisualStudioVersion = 10.0.40219.1
Project("{FAE04EC0-301F-11D3-BF4B-00C04F79EFBC}") = "PracticadatafirstMVC", "PracticadatafirstMVC.csproj", "{1B87D041-1B00-407A-9335-B307F8DA549E}"
EndProject
Project("{FAE04EC0-301F-11D3-BF4B-00C04F79EFBC}") = "PracticaDatabasefirstcore", "..\PracticaDatabasefirstcore\PracticaDatabasefirstcore.csproj", "{D2C9ED12-C761-42D5-B009-06F141AFFC74}"
EndProject
Global
	GlobalSection(SolutionConfigurationPlatforms) = preSolution
		Debug|Any CPU = Debug|Any CPU
		Release|Any CPU = Release|Any CPU
	EndGlobalSection
	GlobalSection(ProjectConfigurationPlatforms) = postSolution
		{1B87D041-1B00-407A-9335-B307F8DA549E}.Debug|Any CPU.ActiveCfg = Debug|Any CPU
		{1B87D041-1B00-407A-9335-B307F8DA549E}.Debug|Any CPU.Build.0 = Debug|Any CPU
		{1B87D041-1B00-407A-9335-B307F8DA549E}.Release|Any CPU.ActiveCfg = Release|Any CPU
		{1B87D041-1B00-407A-9335-B307F8DA549E}.Release|Any CPU.Build.0 = Release|Any CPU
		{D2C9ED12-C761-42D5-B009-06F141AFFC74}.Debug|Any CPU.ActiveCfg = Debug|Any CPU
		{D2C9ED12-C761-42D5-B009-06F141AFFC74}.Debug|Any CPU.Build.0 = Debug|Any CPU
		{D2C9ED12-C761-42D5-B009-06F141AFFC74}.Release|Any CPU.ActiveCfg = Release|Any CPU
		{D2C9ED12-C761-42D5-B009-06F141AFFC74}.Release|Any CPU.Build.0 = Release|Any CPU
	EndGlobalSection
	GlobalSection(SolutionProperties) = preSolution
		HideSolutionNode = FALSE
	EndGlobalSection
EndGlobal
